
Microsoft Visual Studio Solution File, Format Version 12.00
# Visual Studio 2012
Project("{FAE04EC0-301F-11D3-BF4B-00C04F79EFBC}") = "SamplePortableAndNetStandardLibraryProject", "SamplePortableAndNetStandardLibraryProject.csproj", "{C09287FE-2276-471F-ABF1-BCE7B14AF3BE}"
EndProject
Global
	GlobalSection(SolutionConfigurationPlatforms) = preSolution
		Debug|Any CPU = Debug|Any CPU
		Release|Any CPU = Release|Any CPU
	EndGlobalSection
	GlobalSection(ProjectConfigurationPlatforms) = postSolution
		{C09287FE-2276-471F-ABF1-BCE7B14AF3BE}.Debug|Any CPU.ActiveCfg = Debug|Any CPU
		{C09287FE-2276-471F-ABF1-BCE7B14AF3BE}.Debug|Any CPU.Build.0 = Debug|Any CPU
		{C09287FE-2276-471F-ABF1-BCE7B14AF3BE}.Release|Any CPU.ActiveCfg = Release|Any CPU
		{C09287FE-2276-471F-ABF1-BCE7B14AF3BE}.Release|Any CPU.Build.0 = Release|Any CPU
	EndGlobalSection
EndGlobal
